
Microsoft Visual Studio Solution File, Format Version 12.00
# Visual Studio 15
VisualStudioVersion = 15.0.28307.1022
MinimumVisualStudioVersion = 10.0.40219.1
Project("{FAE04EC0-301F-11D3-BF4B-00C04F79EFBC}") = "EmailService", "EmailService\EmailService.csproj", "{7254622F-1C8F-4BC2-9471-12C18CE6EC52}"
EndProject
Global
	GlobalSection(SolutionConfigurationPlatforms) = preSolution
		Debug|Any CPU = Debug|Any CPU
		Release|Any CPU = Release|Any CPU
	EndGlobalSection
	GlobalSection(ProjectConfigurationPlatforms) = postSolution
		{7254622F-1C8F-4BC2-9471-12C18CE6EC52}.Debug|Any CPU.ActiveCfg = Debug|Any CPU
		{7254622F-1C8F-4BC2-9471-12C18CE6EC52}.Debug|Any CPU.Build.0 = Debug|Any CPU
		{7254622F-1C8F-4BC2-9471-12C18CE6EC52}.Release|Any CPU.ActiveCfg = Release|Any CPU
		{7254622F-1C8F-4BC2-9471-12C18CE6EC52}.Release|Any CPU.Build.0 = Release|Any CPU
	EndGlobalSection
	GlobalSection(SolutionProperties) = preSolution
		HideSolutionNode = FALSE
	EndGlobalSection
	GlobalSection(ExtensibilityGlobals) = postSolution
		SolutionGuid = {0E3E3C61-39D6-425A-AA8A-E66214A9D619}
	EndGlobalSection
EndGlobal
